github.com/arran4/golang-ical v0.3.2 h1:MGNjcXJFSuCXmYX/RpZhR2HDCYoFuK8vTPFLEdFC3JY=
github.com/arran4/golang-ical v0.3.2/go.mod h1:xblDGxxIUMWwFZk9dlECUlc1iXNV65LJZOTHLVwu8bo=
github.com/studio-b12/gowebdav v0.11.0 h1:qbQzq4USxY28ZYsGJUfO5jR+xkFtcnwWgitp4Zp1irU=
github.com/studio-b12/gowebdav v0.11.0/go.mod h1:bHA7t77X/QFExdeAnDzK6vKM34kEZAcE1OX4MfiwjkE=
